
Microsoft Visual Studio Solution File, Format Version 12.00
# Visual Studio Version 16
VisualStudioVersion = 16.0.30330.147
MinimumVisualStudioVersion = 10.0.40219.1
Project("{8BC9CEB8-8B4A-11D0-8D11-00A0C91BC942}") = "Lab2_B", "Lab2_B.vcxproj", "{7D4BEAFB-9CA7-4DEB-83F4-135058ED3D73}"
EndProject
Global
	GlobalSection(SolutionConfigurationPlatforms) = preSolution
		Debug|x64 = Debug|x64
		Debug|x86 = Debug|x86
		Release|x64 = Release|x64
		Release|x86 = Release|x86
	EndGlobalSection
	GlobalSection(ProjectConfigurationPlatforms) = postSolution
		{7D4BEAFB-9CA7-4DEB-83F4-135058ED3D73}.Debug|x64.ActiveCfg = Debug|x64
		{7D4BEAFB-9CA7-4DEB-83F4-135058ED3D73}.Debug|x64.Build.0 = Debug|x64
		{7D4BEAFB-9CA7-4DEB-83F4-135058ED3D73}.Debug|x86.ActiveCfg = Debug|Win32
		{7D4BEAFB-9CA7-4DEB-83F4-135058ED3D73}.Debug|x86.Build.0 = Debug|Win32
		{7D4BEAFB-9CA7-4DEB-83F4-135058ED3D73}.Release|x64.ActiveCfg = Release|x64
		{7D4BEAFB-9CA7-4DEB-83F4-135058ED3D73}.Release|x64.Build.0 = Release|x64
		{7D4BEAFB-9CA7-4DEB-83F4-135058ED3D73}.Release|x86.ActiveCfg = Release|Win32
		{7D4BEAFB-9CA7-4DEB-83F4-135058ED3D73}.Release|x86.Build.0 = Release|Win32
	EndGlobalSection
	GlobalSection(SolutionProperties) = preSolution
		HideSolutionNode = FALSE
	EndGlobalSection
	GlobalSection(ExtensibilityGlobals) = postSolution
		SolutionGuid = {B216AF96-EAC2-41C9-869F-B000EE03FF5B}
	EndGlobalSection
EndGlobal
