
Microsoft Visual Studio Solution File, Format Version 12.00
# Visual Studio Version 16
VisualStudioVersion = 16.0.30330.147
MinimumVisualStudioVersion = 10.0.40219.1
Project("{8BC9CEB8-8B4A-11D0-8D11-00A0C91BC942}") = "StackLib", "StackLib.vcxproj", "{65C04C53-2451-4CAA-B7F9-F102E71D1E81}"
EndProject
Global
	GlobalSection(SolutionConfigurationPlatforms) = preSolution
		Debug|x64 = Debug|x64
		Debug|x86 = Debug|x86
		Release|x64 = Release|x64
		Release|x86 = Release|x86
	EndGlobalSection
	GlobalSection(ProjectConfigurationPlatforms) = postSolution
		{65C04C53-2451-4CAA-B7F9-F102E71D1E81}.Debug|x64.ActiveCfg = Debug|x64
		{65C04C53-2451-4CAA-B7F9-F102E71D1E81}.Debug|x64.Build.0 = Debug|x64
		{65C04C53-2451-4CAA-B7F9-F102E71D1E81}.Debug|x86.ActiveCfg = Debug|Win32
		{65C04C53-2451-4CAA-B7F9-F102E71D1E81}.Debug|x86.Build.0 = Debug|Win32
		{65C04C53-2451-4CAA-B7F9-F102E71D1E81}.Release|x64.ActiveCfg = Release|x64
		{65C04C53-2451-4CAA-B7F9-F102E71D1E81}.Release|x64.Build.0 = Release|x64
		{65C04C53-2451-4CAA-B7F9-F102E71D1E81}.Release|x86.ActiveCfg = Release|Win32
		{65C04C53-2451-4CAA-B7F9-F102E71D1E81}.Release|x86.Build.0 = Release|Win32
	EndGlobalSection
	GlobalSection(SolutionProperties) = preSolution
		HideSolutionNode = FALSE
	EndGlobalSection
	GlobalSection(ExtensibilityGlobals) = postSolution
		SolutionGuid = {1BC7E7F2-3563-45A9-AFDB-404AAA719993}
	EndGlobalSection
EndGlobal
